// !$*UTF8*$!
{
	archiveVersion = 1;
	classes = {
	};
	objectVersion = 46;
	objects = {

/* Begin PBXBuildFile section */
		902029D21C8FF75000D48026 /* main.m in Sources */ = {isa = PBXBuildFile; fileRef = 902029D11C8FF75000D48026 /* main.m */; };
		902029D51C8FF75000D48026 /* AppDelegate.m in Sources */ = {isa = PBXBuildFile; fileRef = 902029D41C8FF75000D48026 /* AppDelegate.m */; };
		902029D81C8FF75000D48026 /* ViewController.m in Sources */ = {isa = PBXBuildFile; fileRef = 902029D71C8FF75000D48026 /* ViewController.m */; };
		902029DB1C8FF75000D48026 /* Main.storyboard in Resources */ = {isa = PBXBuildFile; fileRef = 902029D91C8FF75000D48026 /* Main.storyboard */; };
		902029DD1C8FF75000D48026 /* Assets.xcassets in Resources */ = {isa = PBXBuildFile; fileRef = 902029DC1C8FF75000D48026 /* Assets.xcassets */; };
		902029E01C8FF75000D48026 /* LaunchScreen.storyboard in Resources */ = {isa = PBXBuildFile; fileRef = 902029DE1C8FF75000D48026 /* LaunchScreen.storyboard */; };
		902029EB1C8FF75000D48026 /* ______Tests.m in Sources */ = {isa = PBXBuildFile; fileRef = 902029EA1C8FF75000D48026 /* ______Tests.m */; };
		902029F61C8FF75000D48026 /* ______UITests.m in Sources */ = {isa = PBXBuildFile; fileRef = 902029F51C8FF75000D48026 /* ______UITests.m */; };
/* End PBXBuildFile section */

/* Begin PBXContainerItemProxy section */
		902029E71C8FF75000D48026 /* PBXContainerItemProxy */ = {
			isa = PBXContainerItemProxy;
			containerPortal = 902029C51C8FF75000D48026 /* Project object */;
			proxyType = 1;
			remoteGlobalIDString = 902029CC1C8FF75000D48026;
			remoteInfo = "无限图片轮播";
		};
		902029F21C8FF75000D48026 /* PBXContainerItemProxy */ = {
			isa = PBXContainerItemProxy;
			containerPortal = 902029C51C8FF75000D48026 /* Project object */;
			proxyType = 1;
			remoteGlobalIDString = 902029CC1C8FF75000D48026;
			remoteInfo = "无限图片轮播";
		};
/* End PBXContainerItemProxy section */

/* Begin PBXFileReference section */
		902029CD1C8FF75000D48026 /* 无限图片轮播.app */ = {isa = PBXFileReference; explicitFileType = wrapper.application; includeInIndex = 0; path = "无限图片轮播.app"; sourceTree = BUILT_PRODUCTS_DIR; };
		902029D11C8FF75000D48026 /* main.m */ = {isa = PBXFileReference; lastKnownFileType = sourcecode.c.objc; path = main.m; sourceTree = "<group>"; };
		902029D31C8FF75000D48026 /* AppDelegate.h */ = {isa = PBXFileReference; lastKnownFileType = sourcecode.c.h; path = AppDelegate.h; sourceTree = "<group>"; };
		902029D41C8FF75000D48026 /* AppDelegate.m */ = {isa = PBXFileReference; lastKnownFileType = sourcecode.c.objc; path = AppDelegate.m; sourceTree = "<group>"; };
		902029D61C8FF75000D48026 /* ViewController.h */ = {isa = PBXFileReference; lastKnownFileType = sourcecode.c.h; path = ViewController.h; sourceTree = "<group>"; };
		902029D71C8FF75000D48026 /* ViewController.m */ = {isa = PBXFileReference; lastKnownFileType = sourcecode.c.objc; path = ViewController.m; sourceTree = "<group>"; };
		902029DA1C8FF75000D48026 /* Base */ = {isa = PBXFileReference; lastKnownFileType = file.storyboard; name = Base; path = Base.lproj/Main.storyboard; sourceTree = "<group>"; };
		902029DC1C8FF75000D48026 /* Assets.xcassets */ = {isa = PBXFileReference; lastKnownFileType = folder.assetcatalog; path = Assets.xcassets; sourceTree = "<group>"; };
		902029DF1C8FF75000D48026 /* Base */ = {isa = PBXFileReference; lastKnownFileType = file.storyboard; name = Base; path = Base.lproj/LaunchScreen.storyboard; sourceTree = "<group>"; };
		902029E11C8FF75000D48026 /* Info.plist */ = {isa = PBXFileReference; lastKnownFileType = text.plist.xml; path = Info.plist; sourceTree = "<group>"; };
		902029E61C8FF75000D48026 /* 无限图片轮播Tests.xctest */ = {isa = PBXFileReference; explicitFileType = wrapper.cfbundle; includeInIndex = 0; path = "无限图片轮播Tests.xctest"; sourceTree = BUILT_PRODUCTS_DIR; };
		902029EA1C8FF75000D48026 /* ______Tests.m */ = {isa = PBXFileReference; lastKnownFileType = sourcecode.c.objc; path = "______Tests.m"; sourceTree = "<group>"; };
		902029EC1C8FF75000D48026 /* Info.plist */ = {isa = PBXFileReference; lastKnownFileType = text.plist.xml; path = Info.plist; sourceTree = "<group>"; };
		902029F11C8FF75000D48026 /* 无限图片轮播UITests.xctest */ = {isa = PBXFileReference; explicitFileType = wrapper.cfbundle; includeInIndex = 0; path = "无限图片轮播UITests.xctest"; sourceTree = BUILT_PRODUCTS_DIR; };
		902029F51C8FF75000D48026 /* ______UITests.m */ = {isa = PBXFileReference; lastKnownFileType = sourcecode.c.objc; path = "______UITests.m"; sourceTree = "<group>"; };
		902029F71C8FF75000D48026 /* Info.plist */ = {isa = PBXFileReference; lastKnownFileType = text.plist.xml; path = Info.plist; sourceTree = "<group>"; };
/* End PBXFileReference section */

/* Begin PBXFrameworksBuildPhase section */
		902029CA1C8FF75000D48026 /* Frameworks */ = {
			isa = PBXFrameworksBuildPhase;
			buildActionMask = 2147483647;
			files = (
			);
			runOnlyForDeploymentPostprocessing = 0;
		};
		902029E31C8FF75000D48026 /* Frameworks */ = {
			isa = PBXFrameworksBuildPhase;
			buildActionMask = 2147483647;
			files = (
			);
			runOnlyForDeploymentPostprocessing = 0;
		};
		902029EE1C8FF75000D48026 /* Frameworks */ = {
			isa = PBXFrameworksBuildPhase;
			buildActionMask = 2147483647;
			files = (
			);
			runOnlyForDeploymentPostprocessing = 0;
		};
/* End PBXFrameworksBuildPhase section */

/* Begin PBXGroup section */
		902029C41C8FF75000D48026 = {
			isa = PBXGroup;
			children = (
				902029CF1C8FF75000D48026 /* 无限图片轮播 */,
				902029E91C8FF75000D48026 /* 无限图片轮播Tests */,
				902029F41C8FF75000D48026 /* 无限图片轮播UITests */,
				902029CE1C8FF75000D48026 /* Products */,
			);
			sourceTree = "<group>";
		};
		902029CE1C8FF75000D48026 /* Products */ = {
			isa = PBXGroup;
			children = (
				902029CD1C8FF75000D48026 /* 无限图片轮播.app */,
				902029E61C8FF75000D48026 /* 无限图片轮播Tests.xctest */,
				902029F11C8FF75000D48026 /* 无限图片轮播UITests.xctest */,
			);
			name = Products;
			sourceTree = "<group>";
		};
		902029CF1C8FF75000D48026 /* 无限图片轮播 */ = {
			isa = PBXGroup;
			children = (
				902029D31C8FF75000D48026 /* AppDelegate.h */,
				902029D41C8FF75000D48026 /* AppDelegate.m */,
				902029D61C8FF75000D48026 /* ViewController.h */,
				902029D71C8FF75000D48026 /* ViewController.m */,
				902029D91C8FF75000D48026 /* Main.storyboard */,
				902029DC1C8FF75000D48026 /* Assets.xcassets */,
				902029DE1C8FF75000D48026 /* LaunchScreen.storyboard */,
				902029E11C8FF75000D48026 /* Info.plist */,
				902029D01C8FF75000D48026 /* Supporting Files */,
			);
			path = "无限图片轮播";
			sourceTree = "<group>";
		};
		902029D01C8FF75000D48026 /* Supporting Files */ = {
			isa = PBXGroup;
			children = (
				902029D11C8FF75000D48026 /* main.m */,
			);
			name = "Supporting Files";
			sourceTree = "<group>";
		};
		902029E91C8FF75000D48026 /* 无限图片轮播Tests */ = {
			isa = PBXGroup;
			children = (
				902029EA1C8FF75000D48026 /* ______Tests.m */,
				902029EC1C8FF75000D48026 /* Info.plist */,
			);
			path = "无限图片轮播Tests";
			sourceTree = "<group>";
		};
		902029F41C8FF75000D48026 /* 无限图片轮播UITests */ = {
			isa = PBXGroup;
			children = (
				902029F51C8FF75000D48026 /* ______UITests.m */,
				902029F71C8FF75000D48026 /* Info.plist */,
			);
			path = "无限图片轮播UITests";
			sourceTree = "<group>";
		};
/* End PBXGroup section */

/* Begin PBXNativeTarget section */
		902029CC1C8FF75000D48026 /* 无限图片轮播 */ = {
			isa = PBXNativeTarget;
			buildConfigurationList = 902029FA1C8FF75000D48026 /* Build configuration list for PBXNativeTarget "无限图片轮播" */;
			buildPhases = (
				902029C91C8FF75000D48026 /* Sources */,
				902029CA1C8FF75000D48026 /* Frameworks */,
				902029CB1C8FF75000D48026 /* Resources */,
			);
			buildRules = (
			);
			dependencies = (
			);
			name = "无限图片轮播";
			productName = "无限图片轮播";
			productReference = 902029CD1C8FF75000D48026 /* 无限图片轮播.app */;
			productType = "com.apple.product-type.application";
		};
		902029E51C8FF75000D48026 /* 无限图片轮播Tests */ = {
			isa = PBXNativeTarget;
			buildConfigurationList = 902029FD1C8FF75000D48026 /* Build configuration list for PBXNativeTarget "无限图片轮播Tests" */;
			buildPhases = (
				902029E21C8FF75000D48026 /* Sources */,
				902029E31C8FF75000D48026 /* Frameworks */,
				902029E41C8FF75000D48026 /* Resources */,
			);
			buildRules = (
			);
			dependencies = (
				902029E81C8FF75000D48026 /* PBXTargetDependency */,
			);
			name = "无限图片轮播Tests";
			productName = "无限图片轮播Tests";
			productReference = 902029E61C8FF75000D48026 /* 无限图片轮播Tests.xctest */;
			productType = "com.apple.product-type.bundle.unit-test";
		};
		902029F01C8FF75000D48026 /* 无限图片轮播UITests */ = {
			isa = PBXNativeTarget;
			buildConfigurationList = 90202A001C8FF75000D48026 /* Build configuration list for PBXNativeTarget "无限图片轮播UITests" */;
			buildPhases = (
				902029ED1C8FF75000D48026 /* Sources */,
				902029EE1C8FF75000D48026 /* Frameworks */,
				902029EF1C8FF75000D48026 /* Resources */,
			);
			buildRules = (
			);
			dependencies = (
				902029F31C8FF75000D48026 /* PBXTargetDependency */,
			);
			name = "无限图片轮播UITests";
			productName = "无限图片轮播UITests";
			productReference = 902029F11C8FF75000D48026 /* 无限图片轮播UITests.xctest */;
			productType = "com.apple.product-type.bundle.ui-testing";
		};
/* End PBXNativeTarget section */

/* Begin PBXProject section */
		902029C51C8FF75000D48026 /* Project object */ = {
			isa = PBXProject;
			attributes = {
				LastUpgradeCheck = 0720;
				ORGANIZATIONNAME = Abel;
				TargetAttributes = {
					902029CC1C8FF75000D48026 = {
						CreatedOnToolsVersion = 7.2;
					};
					902029E51C8FF75000D48026 = {
						CreatedOnToolsVersion = 7.2;
						TestTargetID = 902029CC1C8FF75000D48026;
					};
					902029F01C8FF75000D48026 = {
						CreatedOnToolsVersion = 7.2;
						TestTargetID = 902029CC1C8FF75000D48026;
					};
				};
			};
			buildConfigurationList = 902029C81C8FF75000D48026 /* Build configuration list for PBXProject "无限图片轮播" */;
			compatibilityVersion = "Xcode 3.2";
			developmentRegion = English;
			hasScannedForEncodings = 0;
			knownRegions = (
				en,
				Base,
			);
			mainGroup = 902029C41C8FF75000D48026;
			productRefGroup = 902029CE1C8FF75000D48026 /* Products */;
			projectDirPath = "";
			projectRoot = "";
			targets = (
				902029CC1C8FF75000D48026 /* 无限图片轮播 */,
				902029E51C8FF75000D48026 /* 无限图片轮播Tests */,
				902029F01C8FF75000D48026 /* 无限图片轮播UITests */,
			);
		};
/* End PBXProject section */

/* Begin PBXResourcesBuildPhase section */
		902029CB1C8FF75000D48026 /* Resources */ = {
			isa = PBXResourcesBuildPhase;
			buildActionMask = 2147483647;
			files = (
				902029E01C8FF75000D48026 /* LaunchScreen.storyboard in Resources */,
				902029DD1C8FF75000D48026 /* Assets.xcassets in Resources */,
				902029DB1C8FF75000D48026 /* Main.storyboard in Resources */,
			);
			runOnlyForDeploymentPostprocessing = 0;
		};
		902029E41C8FF75000D48026 /* Resources */ = {
			isa = PBXResourcesBuildPhase;
			buildActionMask = 2147483647;
			files = (
			);
			runOnlyForDeploymentPostprocessing = 0;
		};
		902029EF1C8FF75000D48026 /* Resources */ = {
			isa = PBXResourcesBuildPhase;
			buildActionMask = 2147483647;
			files = (
			);
			runOnlyForDeploymentPostprocessing = 0;
		};
/* End PBXResourcesBuildPhase section */

/* Begin PBXSourcesBuildPhase section */
		902029C91C8FF75000D48026 /* Sources */ = {
			isa = PBXSourcesBuildPhase;
			buildActionMask = 2147483647;
			files = (
				902029D81C8FF75000D48026 /* ViewController.m in Sources */,
				902029D51C8FF75000D48026 /* AppDelegate.m in Sources */,
				902029D21C8FF75000D48026 /* main.m in Sources */,
			);
			runOnlyForDeploymentPostprocessing = 0;
		};
		902029E21C8FF75000D48026 /* Sources */ = {
			isa = PBXSourcesBuildPhase;
			buildActionMask = 2147483647;
			files = (
				902029EB1C8FF75000D48026 /* ______Tests.m in Sources */,
			);
			runOnlyForDeploymentPostprocessing = 0;
		};
		902029ED1C8FF75000D48026 /* Sources */ = {
			isa = PBXSourcesBuildPhase;
			buildActionMask = 2147483647;
			files = (
				902029F61C8FF75000D48026 /* ______UITests.m in Sources */,
			);
			runOnlyForDeploymentPostprocessing = 0;
		};
/* End PBXSourcesBuildPhase section */

/* Begin PBXTargetDependency section */
		902029E81C8FF75000D48026 /* PBXTargetDependency */ = {
			isa = PBXTargetDependency;
			target = 902029CC1C8FF75000D48026 /* 无限图片轮播 */;
			targetProxy = 902029E71C8FF75000D48026 /* PBXContainerItemProxy */;
		};
		902029F31C8FF75000D48026 /* PBXTargetDependency */ = {
			isa = PBXTargetDependency;
			target = 902029CC1C8FF75000D48026 /* 无限图片轮播 */;
			targetProxy = 902029F21C8FF75000D48026 /* PBXContainerItemProxy */;
		};
/* End PBXTargetDependency section */

/* Begin PBXVariantGroup section */
		902029D91C8FF75000D48026 /* Main.storyboard */ = {
			isa = PBXVariantGroup;
			children = (
				902029DA1C8FF75000D48026 /* Base */,
			);
			name = Main.storyboard;
			sourceTree = "<group>";
		};
		902029DE1C8FF75000D48026 /* LaunchScreen.storyboard */ = {
			isa = PBXVariantGroup;
			children = (
				902029DF1C8FF75000D48026 /* Base */,
			);
			name = LaunchScreen.storyboard;
			sourceTree = "<group>";
		};
/* End PBXVariantGroup section */

/* Begin XCBuildConfiguration section */
		902029F81C8FF75000D48026 /* Debug */ = {
			isa = XCBuildConfiguration;
			buildSettings = {
				ALWAYS_SEARCH_USER_PATHS = NO;
				CLANG_CXX_LANGUAGE_STANDARD = "gnu++0x";
				CLANG_CXX_LIBRARY = "libc++";
				CLANG_ENABLE_MODULES = YES;
				CLANG_ENABLE_OBJC_ARC = YES;
				CLANG_WARN_BOOL_CONVERSION = YES;
				CLANG_WARN_CONSTANT_CONVERSION = YES;
				CLANG_WARN_DIRECT_OBJC_ISA_USAGE = YES_ERROR;
				CLANG_WARN_EMPTY_BODY = YES;
				CLANG_WARN_ENUM_CONVERSION = YES;
				CLANG_WARN_INT_CONVERSION = YES;
				CLANG_WARN_OBJC_ROOT_CLASS = YES_ERROR;
				CLANG_WARN_UNREACHABLE_CODE = YES;
				CLANG_WARN__DUPLICATE_METHOD_MATCH = YES;
				"CODE_SIGN_IDENTITY[sdk=iphoneos*]" = "iPhone Developer";
				COPY_PHASE_STRIP = NO;
				DEBUG_INFORMATION_FORMAT = dwarf;
				ENABLE_STRICT_OBJC_MSGSEND = YES;
				ENABLE_TESTABILITY = YES;
				GCC_C_LANGUAGE_STANDARD = gnu99;
				GCC_DYNAMIC_NO_PIC = NO;
				GCC_NO_COMMON_BLOCKS = YES;
				GCC_OPTIMIZATION_LEVEL = 0;
				GCC_PREPROCESSOR_DEFINITIONS = (
					"DEBUG=1",
					"$(inherited)",
				);
				GCC_WARN_64_TO_32_BIT_CONVERSION = YES;
				GCC_WARN_ABOUT_RETURN_TYPE = YES_ERROR;
				GCC_WARN_UNDECLARED_SELECTOR = YES;
				GCC_WARN_UNINITIALIZED_AUTOS = YES_AGGRESSIVE;
				GCC_WARN_UNUSED_FUNCTION = YES;
				GCC_WARN_UNUSED_VARIABLE = YES;
				IPHONEOS_DEPLOYMENT_TARGET = 9.2;
				MTL_ENABLE_DEBUG_INFO = YES;
				ONLY_ACTIVE_ARCH = YES;
				SDKROOT = iphoneos;
			};
			name = Debug;
		};
		902029F91C8FF75000D48026 /* Release */ = {
			isa = XCBuildConfiguration;
			buildSettings = {
				ALWAYS_SEARCH_USER_PATHS = NO;
				CLANG_CXX_LANGUAGE_STANDARD = "gnu++0x";
				CLANG_CXX_LIBRARY = "libc++";
				CLANG_ENABLE_MODULES = YES;
				CLANG_ENABLE_OBJC_ARC = YES;
				CLANG_WARN_BOOL_CONVERSION = YES;
				CLANG_WARN_CONSTANT_CONVERSION = YES;
				CLANG_WARN_DIRECT_OBJC_ISA_USAGE = YES_ERROR;
				CLANG_WARN_EMPTY_BODY = YES;
				CLANG_WARN_ENUM_CONVERSION = YES;
				CLANG_WARN_INT_CONVERSION = YES;
				CLANG_WARN_OBJC_ROOT_CLASS = YES_ERROR;
				CLANG_WARN_UNREACHABLE_CODE = YES;
				CLANG_WARN__DUPLICATE_METHOD_MATCH = YES;
				"CODE_SIGN_IDENTITY[sdk=iphoneos*]" = "iPhone Developer";
				COPY_PHASE_STRIP = NO;
				DEBUG_INFORMATION_FORMAT = "dwarf-with-dsym";
				ENABLE_NS_ASSERTIONS = NO;
				ENABLE_STRICT_OBJC_MSGSEND = YES;
				GCC_C_LANGUAGE_STANDARD = gnu99;
				GCC_NO_COMMON_BLOCKS = YES;
				GCC_WARN_64_TO_32_BIT_CONVERSION = YES;
				GCC_WARN_ABOUT_RETURN_TYPE = YES_ERROR;
				GCC_WARN_UNDECLARED_SELECTOR = YES;
				GCC_WARN_UNINITIALIZED_AUTOS = YES_AGGRESSIVE;
				GCC_WARN_UNUSED_FUNCTION = YES;
				GCC_WARN_UNUSED_VARIABLE = YES;
				IPHONEOS_DEPLOYMENT_TARGET = 9.2;
				MTL_ENABLE_DEBUG_INFO = NO;
				SDKROOT = iphoneos;
				VALIDATE_PRODUCT = YES;
			};
			name = Release;
		};
		902029FB1C8FF75000D48026 /* Debug */ = {
			isa = XCBuildConfiguration;
			buildSettings = {
				ASSETCATALOG_COMPILER_APPICON_NAME = AppIcon;
				INFOPLIST_FILE = "无限图片轮播/Info.plist";
				LD_RUNPATH_SEARCH_PATHS = "$(inherited) @executable_path/Frameworks";
				PRODUCT_BUNDLE_IDENTIFIER = "Apple.------";
				PRODUCT_NAME = "$(TARGET_NAME)";
			};
			name = Debug;
		};
		902029FC1C8FF75000D48026 /* Release */ = {
			isa = XCBuildConfiguration;
			buildSettings = {
				ASSETCATALOG_COMPILER_APPICON_NAME = AppIcon;
				INFOPLIST_FILE = "无限图片轮播/Info.plist";
				LD_RUNPATH_SEARCH_PATHS = "$(inherited) @executable_path/Frameworks";
				PRODUCT_BUNDLE_IDENTIFIER = "Apple.------";
				PRODUCT_NAME = "$(TARGET_NAME)";
			};
			name = Release;
		};
		902029FE1C8FF75000D48026 /* Debug */ = {
			isa = XCBuildConfiguration;
			buildSettings = {
				BUNDLE_LOADER = "$(TEST_HOST)";
				INFOPLIST_FILE = "无限图片轮播Tests/Info.plist";
				LD_RUNPATH_SEARCH_PATHS = "$(inherited) @executable_path/Frameworks @loader_path/Frameworks";
				PRODUCT_BUNDLE_IDENTIFIER = "Apple.------Tests";
				PRODUCT_NAME = "$(TARGET_NAME)";
				TEST_HOST = "$(BUILT_PRODUCTS_DIR)/无限图片轮播.app/无限图片轮播";
			};
			name = Debug;
		};
		902029FF1C8FF75000D48026 /* Release */ = {
			isa = XCBuildConfiguration;
			buildSettings = {
				BUNDLE_LOADER = "$(TEST_HOST)";
				INFOPLIST_FILE = "无限图片轮播Tests/Info.plist";
				LD_RUNPATH_SEARCH_PATHS = "$(inherited) @executable_path/Frameworks @loader_path/Frameworks";
				PRODUCT_BUNDLE_IDENTIFIER = "Apple.------Tests";
				PRODUCT_NAME = "$(TARGET_NAME)";
				TEST_HOST = "$(BUILT_PRODUCTS_DIR)/无限图片轮播.app/无限图片轮播";
			};
			name = Release;
		};
		90202A011C8FF75000D48026 /* Debug */ = {
			isa = XCBuildConfiguration;
			buildSettings = {
				INFOPLIST_FILE = "无限图片轮播UITests/Info.plist";
				LD_RUNPATH_SEARCH_PATHS = "$(inherited) @executable_path/Frameworks @loader_path/Frameworks";
				PRODUCT_BUNDLE_IDENTIFIER = "Apple.------UITests";
				PRODUCT_NAME = "$(TARGET_NAME)";
				TEST_TARGET_NAME = "无限图片轮播";
				USES_XCTRUNNER = YES;
			};
			name = Debug;
		};
		90202A021C8FF75000D48026 /* Release */ = {
			isa = XCBuildConfiguration;
			buildSettings = {
				INFOPLIST_FILE = "无限图片轮播UITests/Info.plist";
				LD_RUNPATH_SEARCH_PATHS = "$(inherited) @executable_path/Frameworks @loader_path/Frameworks";
				PRODUCT_BUNDLE_IDENTIFIER = "Apple.------UITests";
				PRODUCT_NAME = "$(TARGET_NAME)";
				TEST_TARGET_NAME = "无限图片轮播";
				USES_XCTRUNNER = YES;
			};
			name = Release;
		};
/* End XCBuildConfiguration section */

/* Begin XCConfigurationList section */
		902029C81C8FF75000D48026 /* Build configuration list for PBXProject "无限图片轮播" */ = {
			isa = XCConfigurationList;
			buildConfigurations = (
				902029F81C8FF75000D48026 /* Debug */,
				902029F91C8FF75000D48026 /* Release */,
			);
			defaultConfigurationIsVisible = 0;
			defaultConfigurationName = Release;
		};
		902029FA1C8FF75000D48026 /* Build configuration list for PBXNativeTarget "无限图片轮播" */ = {
			isa = XCConfigurationList;
			buildConfigurations = (
				902029FB1C8FF75000D48026 /* Debug */,
				902029FC1C8FF75000D48026 /* Release */,
			);
			defaultConfigurationIsVisible = 0;
		};
		902029FD1C8FF75000D48026 /* Build configuration list for PBXNativeTarget "无限图片轮播Tests" */ = {
			isa = XCConfigurationList;
			buildConfigurations = (
				902029FE1C8FF75000D48026 /* Debug */,
				902029FF1C8FF75000D48026 /* Release */,
			);
			defaultConfigurationIsVisible = 0;
		};
		90202A001C8FF75000D48026 /* Build configuration list for PBXNativeTarget "无限图片轮播UITests" */ = {
			isa = XCConfigurationList;
			buildConfigurations = (
				90202A011C8FF75000D48026 /* Debug */,
				90202A021C8FF75000D48026 /* Release */,
			);
			defaultConfigurationIsVisible = 0;
		};
/* End XCConfigurationList section */
	};
	rootObject = 902029C51C8FF75000D48026 /* Project object */;
}
